
Microsoft Visual Studio Solution File, Format Version 12.00
# Visual Studio 2013
VisualStudioVersion = 12.0.21005.1
MinimumVisualStudioVersion = 10.0.40219.1
Project("{FAE04EC0-301F-11D3-BF4B-00C04F79EFBC}") = "01.FitBoxInBox", "01.FitBoxInBox\01.FitBoxInBox.csproj", "{C703F8FE-5FC9-473C-8D2C-3566C30A8F00}"
EndProject
Project("{FAE04EC0-301F-11D3-BF4B-00C04F79EFBC}") = "02.SequenceOfKNumbers", "02.SequenceOfKNumbers\02.SequenceOfKNumbers.csproj", "{C19CFAF9-6B12-4CA8-8248-692A5589016F}"
EndProject
Global
	GlobalSection(SolutionConfigurationPlatforms) = preSolution
		Debug|Any CPU = Debug|Any CPU
		Release|Any CPU = Release|Any CPU
	EndGlobalSection
	GlobalSection(ProjectConfigurationPlatforms) = postSolution
		{C703F8FE-5FC9-473C-8D2C-3566C30A8F00}.Debug|Any CPU.ActiveCfg = Debug|Any CPU
		{C703F8FE-5FC9-473C-8D2C-3566C30A8F00}.Debug|Any CPU.Build.0 = Debug|Any CPU
		{C703F8FE-5FC9-473C-8D2C-3566C30A8F00}.Release|Any CPU.ActiveCfg = Release|Any CPU
		{C703F8FE-5FC9-473C-8D2C-3566C30A8F00}.Release|Any CPU.Build.0 = Release|Any CPU
		{C19CFAF9-6B12-4CA8-8248-692A5589016F}.Debug|Any CPU.ActiveCfg = Debug|Any CPU
		{C19CFAF9-6B12-4CA8-8248-692A5589016F}.Debug|Any CPU.Build.0 = Debug|Any CPU
		{C19CFAF9-6B12-4CA8-8248-692A5589016F}.Release|Any CPU.ActiveCfg = Release|Any CPU
		{C19CFAF9-6B12-4CA8-8248-692A5589016F}.Release|Any CPU.Build.0 = Release|Any CPU
	EndGlobalSection
	GlobalSection(SolutionProperties) = preSolution
		HideSolutionNode = FALSE
	EndGlobalSection
EndGlobal
