
Microsoft Visual Studio Solution File, Format Version 12.00
# Visual Studio 2013
VisualStudioVersion = 12.0.21005.1
MinimumVisualStudioVersion = 10.0.40219.1
Project("{FAE04EC0-301F-11D3-BF4B-00C04F79EFBC}") = "01.Electricity", "01.Electricity\01.Electricity.csproj", "{9A58775C-2617-4B41-AEE5-BD7D961D0EA8}"
EndProject
Project("{FAE04EC0-301F-11D3-BF4B-00C04F79EFBC}") = "02.OddAndEvenJumps", "02.OddAndEvenJumps\02.OddAndEvenJumps.csproj", "{0A79E025-25E7-485E-931F-E38455CBAFB1}"
EndProject
Project("{FAE04EC0-301F-11D3-BF4B-00C04F79EFBC}") = "03.HouseWithAWindow", "03.HouseWithAWindow\03.HouseWithAWindow.csproj", "{330DB84C-7485-4256-9CFE-62746B7C5DE0}"
EndProject
Global
	GlobalSection(SolutionConfigurationPlatforms) = preSolution
		Debug|Any CPU = Debug|Any CPU
		Release|Any CPU = Release|Any CPU
	EndGlobalSection
	GlobalSection(ProjectConfigurationPlatforms) = postSolution
		{9A58775C-2617-4B41-AEE5-BD7D961D0EA8}.Debug|Any CPU.ActiveCfg = Debug|Any CPU
		{9A58775C-2617-4B41-AEE5-BD7D961D0EA8}.Debug|Any CPU.Build.0 = Debug|Any CPU
		{9A58775C-2617-4B41-AEE5-BD7D961D0EA8}.Release|Any CPU.ActiveCfg = Release|Any CPU
		{9A58775C-2617-4B41-AEE5-BD7D961D0EA8}.Release|Any CPU.Build.0 = Release|Any CPU
		{0A79E025-25E7-485E-931F-E38455CBAFB1}.Debug|Any CPU.ActiveCfg = Debug|Any CPU
		{0A79E025-25E7-485E-931F-E38455CBAFB1}.Debug|Any CPU.Build.0 = Debug|Any CPU
		{0A79E025-25E7-485E-931F-E38455CBAFB1}.Release|Any CPU.ActiveCfg = Release|Any CPU
		{0A79E025-25E7-485E-931F-E38455CBAFB1}.Release|Any CPU.Build.0 = Release|Any CPU
		{330DB84C-7485-4256-9CFE-62746B7C5DE0}.Debug|Any CPU.ActiveCfg = Debug|Any CPU
		{330DB84C-7485-4256-9CFE-62746B7C5DE0}.Debug|Any CPU.Build.0 = Debug|Any CPU
		{330DB84C-7485-4256-9CFE-62746B7C5DE0}.Release|Any CPU.ActiveCfg = Release|Any CPU
		{330DB84C-7485-4256-9CFE-62746B7C5DE0}.Release|Any CPU.Build.0 = Release|Any CPU
	EndGlobalSection
	GlobalSection(SolutionProperties) = preSolution
		HideSolutionNode = FALSE
	EndGlobalSection
EndGlobal
